// !$*UTF8*$!
{
	archiveVersion = 1;
	classes = {
	};
	objectVersion = 50;
	objects = {

/* Begin PBXBuildFile section */
		1C4D6B3DE27C746F5B67A025 /* Pods_Credera_iOSUITests.framework in Frameworks */ = {isa = PBXBuildFile; fileRef = 6428362F40383B253C816DD2 /* Pods_Credera_iOSUITests.framework */; };
		254D640D7D1F20AA98129B8C /* Pods_Credera_POCUITests.framework in Frameworks */ = {isa = PBXBuildFile; fileRef = D67155F2C77581A827CC398C /* Pods_Credera_POCUITests.framework */; };
		26CA08FD8CA87D2D317CBF07 /* Pods_Credera_POCTests.framework in Frameworks */ = {isa = PBXBuildFile; fileRef = 707A9735E6021B38A14AACD4 /* Pods_Credera_POCTests.framework */; };
		3E617F5366241A675C34EAF3 /* Pods_Credera_iOSTests.framework in Frameworks */ = {isa = PBXBuildFile; fileRef = 776C2608FC32935341C444AC /* Pods_Credera_iOSTests.framework */; };
		4971CD6921E4F12800B53CA4 /* ThankYouViewController.swift in Sources */ = {isa = PBXBuildFile; fileRef = 4971CD6821E4F12800B53CA4 /* ThankYouViewController.swift */; };
		4971CD6B21E4F20300B53CA4 /* ThankYou.storyboard in Resources */ = {isa = PBXBuildFile; fileRef = 4971CD6A21E4F20300B53CA4 /* ThankYou.storyboard */; };
		5910781621DD1FC60017CA21 /* WelcomeScreen.storyboard in Resources */ = {isa = PBXBuildFile; fileRef = 5910781521DD1FC60017CA21 /* WelcomeScreen.storyboard */; };
		5910781B21DD21900017CA21 /* NavigationController+Transitions.swift in Sources */ = {isa = PBXBuildFile; fileRef = 5910781A21DD21900017CA21 /* NavigationController+Transitions.swift */; };
		5910781E21DD22770017CA21 /* WelcomeScreenViewController.swift in Sources */ = {isa = PBXBuildFile; fileRef = 5910781D21DD22770017CA21 /* WelcomeScreenViewController.swift */; };
		5910782721DD263C0017CA21 /* First.storyboard in Resources */ = {isa = PBXBuildFile; fileRef = 5910782621DD263C0017CA21 /* First.storyboard */; };
		5910782E21DD29410017CA21 /* XibView.swift in Sources */ = {isa = PBXBuildFile; fileRef = 5910782D21DD29410017CA21 /* XibView.swift */; };
		5910783021DD299F0017CA21 /* Constants.swift in Sources */ = {isa = PBXBuildFile; fileRef = 5910782F21DD299F0017CA21 /* Constants.swift */; };
		5910783221DD29E00017CA21 /* UIColor+Extension.swift in Sources */ = {isa = PBXBuildFile; fileRef = 5910783121DD29E00017CA21 /* UIColor+Extension.swift */; };
		5910783521DD2AC40017CA21 /* FirstViewController.swift in Sources */ = {isa = PBXBuildFile; fileRef = 5910783421DD2AC40017CA21 /* FirstViewController.swift */; };
		5910783721DD2B170017CA21 /* Second.storyboard in Resources */ = {isa = PBXBuildFile; fileRef = 5910783621DD2B170017CA21 /* Second.storyboard */; };
		5910783A21DD2BD80017CA21 /* SecondViewController.swift in Sources */ = {isa = PBXBuildFile; fileRef = 5910783921DD2BD80017CA21 /* SecondViewController.swift */; };
		5949D1AD219CBBAC006D2FF0 /* AppDelegate.swift in Sources */ = {isa = PBXBuildFile; fileRef = 5949D1AC219CBBAC006D2FF0 /* AppDelegate.swift */; };
		5949D1B7219CBBAE006D2FF0 /* Assets.xcassets in Resources */ = {isa = PBXBuildFile; fileRef = 5949D1B6219CBBAE006D2FF0 /* Assets.xcassets */; };
		5949D1BA219CBBAE006D2FF0 /* LaunchScreen.storyboard in Resources */ = {isa = PBXBuildFile; fileRef = 5949D1B8219CBBAE006D2FF0 /* LaunchScreen.storyboard */; };
		5949D1C5219CBBAE006D2FF0 /* Credera_POCTests.swift in Sources */ = {isa = PBXBuildFile; fileRef = 5949D1C4219CBBAE006D2FF0 /* Credera_POCTests.swift */; };
		5949D1D0219CBBAF006D2FF0 /* Credera_POCUITests.swift in Sources */ = {isa = PBXBuildFile; fileRef = 5949D1CF219CBBAF006D2FF0 /* Credera_POCUITests.swift */; };
		9C4C52AF66CA12EDB08789EF /* Pods_Credera_POC.framework in Frameworks */ = {isa = PBXBuildFile; fileRef = 0C98E09547A52D9E4F315F20 /* Pods_Credera_POC.framework */; };
		A42BD44221ED0F2C008BBCED /* CustomButton.swift in Sources */ = {isa = PBXBuildFile; fileRef = A42BD44121ED0F2C008BBCED /* CustomButton.swift */; };
		A480A12721E4EB7000EA32E5 /* ErrorScreen.storyboard in Resources */ = {isa = PBXBuildFile; fileRef = A480A12621E4EB7000EA32E5 /* ErrorScreen.storyboard */; };
		A480A12C21E4EBF200EA32E5 /* ErrorScreenViewController.swift in Sources */ = {isa = PBXBuildFile; fileRef = A480A12B21E4EBF200EA32E5 /* ErrorScreenViewController.swift */; };
		A480A13121E5018500EA32E5 /* ScanQRCode.storyboard in Resources */ = {isa = PBXBuildFile; fileRef = A480A13021E5018500EA32E5 /* ScanQRCode.storyboard */; };
		A480A13321E5019500EA32E5 /* ScanQRCodeViewController.swift in Sources */ = {isa = PBXBuildFile; fileRef = A480A13221E5019500EA32E5 /* ScanQRCodeViewController.swift */; };
		AF1B0C0A21E406A20008ADF6 /* EmployeeSearch.storyboard in Resources */ = {isa = PBXBuildFile; fileRef = AF1B0C0921E406A20008ADF6 /* EmployeeSearch.storyboard */; };
		AF1B0C0D21E40C840008ADF6 /* EmployeeSearchViewController.swift in Sources */ = {isa = PBXBuildFile; fileRef = AF1B0C0C21E40C840008ADF6 /* EmployeeSearchViewController.swift */; };
		AF1B0C1021E503640008ADF6 /* GuestNameInput.storyboard in Resources */ = {isa = PBXBuildFile; fileRef = AF1B0C0F21E503640008ADF6 /* GuestNameInput.storyboard */; };
		AF1B0C1321E5038B0008ADF6 /* GuestNameInputController.swift in Sources */ = {isa = PBXBuildFile; fileRef = AF1B0C1221E5038B0008ADF6 /* GuestNameInputController.swift */; };
/* End PBXBuildFile section */

/* Begin PBXContainerItemProxy section */
		5949D1C1219CBBAE006D2FF0 /* PBXContainerItemProxy */ = {
			isa = PBXContainerItemProxy;
			containerPortal = 5949D1A1219CBBAB006D2FF0 /* Project object */;
			proxyType = 1;
			remoteGlobalIDString = 5949D1A8219CBBAC006D2FF0;
			remoteInfo = "Credera-iOS";
		};
		5949D1CC219CBBAF006D2FF0 /* PBXContainerItemProxy */ = {
			isa = PBXContainerItemProxy;
			containerPortal = 5949D1A1219CBBAB006D2FF0 /* Project object */;
			proxyType = 1;
			remoteGlobalIDString = 5949D1A8219CBBAC006D2FF0;
			remoteInfo = "Credera-iOS";
		};
/* End PBXContainerItemProxy section */

/* Begin PBXFileReference section */
		0C98E09547A52D9E4F315F20 /* Pods_Credera_POC.framework */ = {isa = PBXFileReference; explicitFileType = wrapper.framework; includeInIndex = 0; path = Pods_Credera_POC.framework; sourceTree = BUILT_PRODUCTS_DIR; };
		0ECD9547B805E1A4F7BBD886 /* Pods-Credera-POCUITests.debug.xcconfig */ = {isa = PBXFileReference; includeInIndex = 1; lastKnownFileType = text.xcconfig; name = "Pods-Credera-POCUITests.debug.xcconfig"; path = "Pods/Target Support Files/Pods-Credera-POCUITests/Pods-Credera-POCUITests.debug.xcconfig"; sourceTree = "<group>"; };
		113B30E6AC1F7798CBA4AAD8 /* Pods-Credera-POC.release.xcconfig */ = {isa = PBXFileReference; includeInIndex = 1; lastKnownFileType = text.xcconfig; name = "Pods-Credera-POC.release.xcconfig"; path = "Pods/Target Support Files/Pods-Credera-POC/Pods-Credera-POC.release.xcconfig"; sourceTree = "<group>"; };
		4971CD6821E4F12800B53CA4 /* ThankYouViewController.swift */ = {isa = PBXFileReference; lastKnownFileType = sourcecode.swift; path = ThankYouViewController.swift; sourceTree = "<group>"; };
		4971CD6A21E4F20300B53CA4 /* ThankYou.storyboard */ = {isa = PBXFileReference; lastKnownFileType = file.storyboard; path = ThankYou.storyboard; sourceTree = "<group>"; };
		5910781521DD1FC60017CA21 /* WelcomeScreen.storyboard */ = {isa = PBXFileReference; lastKnownFileType = file.storyboard; path = WelcomeScreen.storyboard; sourceTree = "<group>"; };
		5910781A21DD21900017CA21 /* NavigationController+Transitions.swift */ = {isa = PBXFileReference; lastKnownFileType = sourcecode.swift; path = "NavigationController+Transitions.swift"; sourceTree = "<group>"; };
		5910781D21DD22770017CA21 /* WelcomeScreenViewController.swift */ = {isa = PBXFileReference; lastKnownFileType = sourcecode.swift; path = WelcomeScreenViewController.swift; sourceTree = "<group>"; };
		5910782621DD263C0017CA21 /* First.storyboard */ = {isa = PBXFileReference; lastKnownFileType = file.storyboard; path = First.storyboard; sourceTree = "<group>"; };
		5910782D21DD29410017CA21 /* XibView.swift */ = {isa = PBXFileReference; lastKnownFileType = sourcecode.swift; path = XibView.swift; sourceTree = "<group>"; };
		5910782F21DD299F0017CA21 /* Constants.swift */ = {isa = PBXFileReference; lastKnownFileType = sourcecode.swift; path = Constants.swift; sourceTree = "<group>"; };
		5910783121DD29E00017CA21 /* UIColor+Extension.swift */ = {isa = PBXFileReference; lastKnownFileType = sourcecode.swift; path = "UIColor+Extension.swift"; sourceTree = "<group>"; };
		5910783421DD2AC40017CA21 /* FirstViewController.swift */ = {isa = PBXFileReference; lastKnownFileType = sourcecode.swift; path = FirstViewController.swift; sourceTree = "<group>"; };
		5910783621DD2B170017CA21 /* Second.storyboard */ = {isa = PBXFileReference; lastKnownFileType = file.storyboard; path = Second.storyboard; sourceTree = "<group>"; };
		5910783921DD2BD80017CA21 /* SecondViewController.swift */ = {isa = PBXFileReference; lastKnownFileType = sourcecode.swift; path = SecondViewController.swift; sourceTree = "<group>"; };
		5949D1A9219CBBAC006D2FF0 /* Credera-POC.app */ = {isa = PBXFileReference; explicitFileType = wrapper.application; includeInIndex = 0; path = "Credera-POC.app"; sourceTree = BUILT_PRODUCTS_DIR; };
		5949D1AC219CBBAC006D2FF0 /* AppDelegate.swift */ = {isa = PBXFileReference; lastKnownFileType = sourcecode.swift; path = AppDelegate.swift; sourceTree = "<group>"; };
		5949D1B6219CBBAE006D2FF0 /* Assets.xcassets */ = {isa = PBXFileReference; lastKnownFileType = folder.assetcatalog; path = Assets.xcassets; sourceTree = "<group>"; };
		5949D1B9219CBBAE006D2FF0 /* Base */ = {isa = PBXFileReference; lastKnownFileType = file.storyboard; name = Base; path = Base.lproj/LaunchScreen.storyboard; sourceTree = "<group>"; };
		5949D1BB219CBBAE006D2FF0 /* Info.plist */ = {isa = PBXFileReference; lastKnownFileType = text.plist.xml; path = Info.plist; sourceTree = "<group>"; };
		5949D1C0219CBBAE006D2FF0 /* Credera-POCTests.xctest */ = {isa = PBXFileReference; explicitFileType = wrapper.cfbundle; includeInIndex = 0; path = "Credera-POCTests.xctest"; sourceTree = BUILT_PRODUCTS_DIR; };
		5949D1C4219CBBAE006D2FF0 /* Credera_POCTests.swift */ = {isa = PBXFileReference; lastKnownFileType = sourcecode.swift; path = Credera_POCTests.swift; sourceTree = "<group>"; };
		5949D1C6219CBBAE006D2FF0 /* Info.plist */ = {isa = PBXFileReference; lastKnownFileType = text.plist.xml; path = Info.plist; sourceTree = "<group>"; };
		5949D1CB219CBBAF006D2FF0 /* Credera-POCUITests.xctest */ = {isa = PBXFileReference; explicitFileType = wrapper.cfbundle; includeInIndex = 0; path = "Credera-POCUITests.xctest"; sourceTree = BUILT_PRODUCTS_DIR; };
		5949D1CF219CBBAF006D2FF0 /* Credera_POCUITests.swift */ = {isa = PBXFileReference; lastKnownFileType = sourcecode.swift; path = Credera_POCUITests.swift; sourceTree = "<group>"; };
		5949D1D1219CBBAF006D2FF0 /* Info.plist */ = {isa = PBXFileReference; lastKnownFileType = text.plist.xml; path = Info.plist; sourceTree = "<group>"; };
		6428362F40383B253C816DD2 /* Pods_Credera_iOSUITests.framework */ = {isa = PBXFileReference; explicitFileType = wrapper.framework; includeInIndex = 0; path = Pods_Credera_iOSUITests.framework; sourceTree = BUILT_PRODUCTS_DIR; };
		707A9735E6021B38A14AACD4 /* Pods_Credera_POCTests.framework */ = {isa = PBXFileReference; explicitFileType = wrapper.framework; includeInIndex = 0; path = Pods_Credera_POCTests.framework; sourceTree = BUILT_PRODUCTS_DIR; };
		72DC0B99DC63737EEAD05695 /* Pods-Credera-iOSTests.release.xcconfig */ = {isa = PBXFileReference; includeInIndex = 1; lastKnownFileType = text.xcconfig; name = "Pods-Credera-iOSTests.release.xcconfig"; path = "Pods/Target Support Files/Pods-Credera-iOSTests/Pods-Credera-iOSTests.release.xcconfig"; sourceTree = "<group>"; };
		776C2608FC32935341C444AC /* Pods_Credera_iOSTests.framework */ = {isa = PBXFileReference; explicitFileType = wrapper.framework; includeInIndex = 0; path = Pods_Credera_iOSTests.framework; sourceTree = BUILT_PRODUCTS_DIR; };
		7DE5EA2F7E2553C34C0ED366 /* Pods-Credera-iOS.release.xcconfig */ = {isa = PBXFileReference; includeInIndex = 1; lastKnownFileType = text.xcconfig; name = "Pods-Credera-iOS.release.xcconfig"; path = "Pods/Target Support Files/Pods-Credera-iOS/Pods-Credera-iOS.release.xcconfig"; sourceTree = "<group>"; };
		9645AC57AFCE99B609B68B96 /* Pods_Credera_iOS.framework */ = {isa = PBXFileReference; explicitFileType = wrapper.framework; includeInIndex = 0; path = Pods_Credera_iOS.framework; sourceTree = BUILT_PRODUCTS_DIR; };
		A42BD44121ED0F2C008BBCED /* CustomButton.swift */ = {isa = PBXFileReference; lastKnownFileType = sourcecode.swift; path = CustomButton.swift; sourceTree = "<group>"; };
		A480A12621E4EB7000EA32E5 /* ErrorScreen.storyboard */ = {isa = PBXFileReference; lastKnownFileType = file.storyboard; path = ErrorScreen.storyboard; sourceTree = "<group>"; };
		A480A12B21E4EBF200EA32E5 /* ErrorScreenViewController.swift */ = {isa = PBXFileReference; lastKnownFileType = sourcecode.swift; path = ErrorScreenViewController.swift; sourceTree = "<group>"; };
		A480A13021E5018500EA32E5 /* ScanQRCode.storyboard */ = {isa = PBXFileReference; lastKnownFileType = file.storyboard; path = ScanQRCode.storyboard; sourceTree = "<group>"; };
		A480A13221E5019500EA32E5 /* ScanQRCodeViewController.swift */ = {isa = PBXFileReference; lastKnownFileType = sourcecode.swift; path = ScanQRCodeViewController.swift; sourceTree = "<group>"; };
		A550CE8A5977D50EB3D4A187 /* Pods-Credera-iOS.debug.xcconfig */ = {isa = PBXFileReference; includeInIndex = 1; lastKnownFileType = text.xcconfig; name = "Pods-Credera-iOS.debug.xcconfig"; path = "Pods/Target Support Files/Pods-Credera-iOS/Pods-Credera-iOS.debug.xcconfig"; sourceTree = "<group>"; };
		AF1B0C0921E406A20008ADF6 /* EmployeeSearch.storyboard */ = {isa = PBXFileReference; lastKnownFileType = file.storyboard; path = EmployeeSearch.storyboard; sourceTree = "<group>"; };
		AF1B0C0C21E40C840008ADF6 /* EmployeeSearchViewController.swift */ = {isa = PBXFileReference; lastKnownFileType = sourcecode.swift; path = EmployeeSearchViewController.swift; sourceTree = "<group>"; };
		AF1B0C0F21E503640008ADF6 /* GuestNameInput.storyboard */ = {isa = PBXFileReference; lastKnownFileType = file.storyboard; path = GuestNameInput.storyboard; sourceTree = "<group>"; };
		AF1B0C1221E5038B0008ADF6 /* GuestNameInputController.swift */ = {isa = PBXFileReference; lastKnownFileType = sourcecode.swift; path = GuestNameInputController.swift; sourceTree = "<group>"; };
		B099B06EF8A37A1DC08D3C01 /* Pods-Credera-iOSUITests.release.xcconfig */ = {isa = PBXFileReference; includeInIndex = 1; lastKnownFileType = text.xcconfig; name = "Pods-Credera-iOSUITests.release.xcconfig"; path = "Pods/Target Support Files/Pods-Credera-iOSUITests/Pods-Credera-iOSUITests.release.xcconfig"; sourceTree = "<group>"; };
		B38FA4083BC15F623697D470 /* Pods-Credera-POCTests.release.xcconfig */ = {isa = PBXFileReference; includeInIndex = 1; lastKnownFileType = text.xcconfig; name = "Pods-Credera-POCTests.release.xcconfig"; path = "Pods/Target Support Files/Pods-Credera-POCTests/Pods-Credera-POCTests.release.xcconfig"; sourceTree = "<group>"; };
		CE3D65C0BBA22D3F471C43BA /* Pods-Credera-POCUITests.release.xcconfig */ = {isa = PBXFileReference; includeInIndex = 1; lastKnownFileType = text.xcconfig; name = "Pods-Credera-POCUITests.release.xcconfig"; path = "Pods/Target Support Files/Pods-Credera-POCUITests/Pods-Credera-POCUITests.release.xcconfig"; sourceTree = "<group>"; };
		CE79981894AA99E25E018793 /* Pods-Credera-iOSTests.debug.xcconfig */ = {isa = PBXFileReference; includeInIndex = 1; lastKnownFileType = text.xcconfig; name = "Pods-Credera-iOSTests.debug.xcconfig"; path = "Pods/Target Support Files/Pods-Credera-iOSTests/Pods-Credera-iOSTests.debug.xcconfig"; sourceTree = "<group>"; };
		D67155F2C77581A827CC398C /* Pods_Credera_POCUITests.framework */ = {isa = PBXFileReference; explicitFileType = wrapper.framework; includeInIndex = 0; path = Pods_Credera_POCUITests.framework; sourceTree = BUILT_PRODUCTS_DIR; };
		DD703FA7CFEAB1208AB8AFE8 /* Pods-Credera-POC.debug.xcconfig */ = {isa = PBXFileReference; includeInIndex = 1; lastKnownFileType = text.xcconfig; name = "Pods-Credera-POC.debug.xcconfig"; path = "Pods/Target Support Files/Pods-Credera-POC/Pods-Credera-POC.debug.xcconfig"; sourceTree = "<group>"; };
		E19EB5C49748403CAF262665 /* Pods-Credera-POCTests.debug.xcconfig */ = {isa = PBXFileReference; includeInIndex = 1; lastKnownFileType = text.xcconfig; name = "Pods-Credera-POCTests.debug.xcconfig"; path = "Pods/Target Support Files/Pods-Credera-POCTests/Pods-Credera-POCTests.debug.xcconfig"; sourceTree = "<group>"; };
		FF250F3FCF3A682573AA52AA /* Pods-Credera-iOSUITests.debug.xcconfig */ = {isa = PBXFileReference; includeInIndex = 1; lastKnownFileType = text.xcconfig; name = "Pods-Credera-iOSUITests.debug.xcconfig"; path = "Pods/Target Support Files/Pods-Credera-iOSUITests/Pods-Credera-iOSUITests.debug.xcconfig"; sourceTree = "<group>"; };
/* End PBXFileReference section */

/* Begin PBXFrameworksBuildPhase section */
		5949D1A6219CBBAC006D2FF0 /* Frameworks */ = {
			isa = PBXFrameworksBuildPhase;
			buildActionMask = 2147483647;
			files = (
				9C4C52AF66CA12EDB08789EF /* Pods_Credera_POC.framework in Frameworks */,
			);
			runOnlyForDeploymentPostprocessing = 0;
		};
		5949D1BD219CBBAE006D2FF0 /* Frameworks */ = {
			isa = PBXFrameworksBuildPhase;
			buildActionMask = 2147483647;
			files = (
				3E617F5366241A675C34EAF3 /* Pods_Credera_iOSTests.framework in Frameworks */,
				26CA08FD8CA87D2D317CBF07 /* Pods_Credera_POCTests.framework in Frameworks */,
			);
			runOnlyForDeploymentPostprocessing = 0;
		};
		5949D1C8219CBBAF006D2FF0 /* Frameworks */ = {
			isa = PBXFrameworksBuildPhase;
			buildActionMask = 2147483647;
			files = (
				1C4D6B3DE27C746F5B67A025 /* Pods_Credera_iOSUITests.framework in Frameworks */,
				254D640D7D1F20AA98129B8C /* Pods_Credera_POCUITests.framework in Frameworks */,
			);
			runOnlyForDeploymentPostprocessing = 0;
		};
/* End PBXFrameworksBuildPhase section */

/* Begin PBXGroup section */
		4971CD6421E4F0DE00B53CA4 /* ThankYou */ = {
			isa = PBXGroup;
			children = (
				4971CD6A21E4F20300B53CA4 /* ThankYou.storyboard */,
				4971CD6721E4F10500B53CA4 /* Controller */,
			);
			path = ThankYou;
			sourceTree = "<group>";
		};
		4971CD6721E4F10500B53CA4 /* Controller */ = {
			isa = PBXGroup;
			children = (
				4971CD6821E4F12800B53CA4 /* ThankYouViewController.swift */,
			);
			path = Controller;
			sourceTree = "<group>";
		};
		5910781421DD1F990017CA21 /* WelcomeScreen */ = {
			isa = PBXGroup;
			children = (
				5910781521DD1FC60017CA21 /* WelcomeScreen.storyboard */,
				5910781C21DD22590017CA21 /* Controller */,
			);
			path = WelcomeScreen;
			sourceTree = "<group>";
		};
		5910781721DD209C0017CA21 /* Managers */ = {
			isa = PBXGroup;
			children = (
			);
			path = Managers;
			sourceTree = "<group>";
		};
		5910781C21DD22590017CA21 /* Controller */ = {
			isa = PBXGroup;
			children = (
				5910781D21DD22770017CA21 /* WelcomeScreenViewController.swift */,
			);
			path = Controller;
			sourceTree = "<group>";
		};
		5910782421DD26190017CA21 /* DefaultViewController */ = {
			isa = PBXGroup;
			children = (
				5910782621DD263C0017CA21 /* First.storyboard */,
				5910783321DD2AA20017CA21 /* Controller */,
			);
			path = DefaultViewController;
			sourceTree = "<group>";
		};
		5910782521DD26250017CA21 /* SecondViewController */ = {
			isa = PBXGroup;
			children = (
				5910783621DD2B170017CA21 /* Second.storyboard */,
				5910783821DD2BC80017CA21 /* Controller */,
			);
			path = SecondViewController;
			sourceTree = "<group>";
		};
		5910783321DD2AA20017CA21 /* Controller */ = {
			isa = PBXGroup;
			children = (
				5910783421DD2AC40017CA21 /* FirstViewController.swift */,
			);
			path = Controller;
			sourceTree = "<group>";
		};
		5910783821DD2BC80017CA21 /* Controller */ = {
			isa = PBXGroup;
			children = (
				5910783921DD2BD80017CA21 /* SecondViewController.swift */,
			);
			path = Controller;
			sourceTree = "<group>";
		};
		5949D1A0219CBBAB006D2FF0 = {
			isa = PBXGroup;
			children = (
				5949D1AB219CBBAC006D2FF0 /* Credera-POC */,
				5949D1C3219CBBAE006D2FF0 /* Credera-POCTests */,
				5949D1CE219CBBAF006D2FF0 /* Credera-POCUITests */,
				5949D1AA219CBBAC006D2FF0 /* Products */,
				B1358001C96A900BEA8211A1 /* Pods */,
				6BFBF04996A1B3B319DFE4DC /* Frameworks */,
			);
			sourceTree = "<group>";
		};
		5949D1AA219CBBAC006D2FF0 /* Products */ = {
			isa = PBXGroup;
			children = (
				5949D1A9219CBBAC006D2FF0 /* Credera-POC.app */,
				5949D1C0219CBBAE006D2FF0 /* Credera-POCTests.xctest */,
				5949D1CB219CBBAF006D2FF0 /* Credera-POCUITests.xctest */,
			);
			name = Products;
			sourceTree = "<group>";
		};
		5949D1AB219CBBAC006D2FF0 /* Credera-POC */ = {
			isa = PBXGroup;
			children = (
				598E1737219CDA47002AC3EC /* App */,
				598E1738219CDA5E002AC3EC /* Constants */,
				598E173E219CDA98002AC3EC /* Components */,
				598E173D219CDA90002AC3EC /* Extensions */,
				5910781721DD209C0017CA21 /* Managers */,
				598E173C219CDA88002AC3EC /* Resources */,
				598E173B219CDA81002AC3EC /* Storyboard */,
				598E173A219CDA77002AC3EC /* Models */,
				598E1739219CDA70002AC3EC /* API */,
			);
			path = "Credera-POC";
			sourceTree = "<group>";
		};
		5949D1C3219CBBAE006D2FF0 /* Credera-POCTests */ = {
			isa = PBXGroup;
			children = (
				5949D1C4219CBBAE006D2FF0 /* Credera_POCTests.swift */,
				5949D1C6219CBBAE006D2FF0 /* Info.plist */,
			);
			path = "Credera-POCTests";
			sourceTree = "<group>";
		};
		5949D1CE219CBBAF006D2FF0 /* Credera-POCUITests */ = {
			isa = PBXGroup;
			children = (
				5949D1CF219CBBAF006D2FF0 /* Credera_POCUITests.swift */,
				5949D1D1219CBBAF006D2FF0 /* Info.plist */,
			);
			path = "Credera-POCUITests";
			sourceTree = "<group>";
		};
		598E1737219CDA47002AC3EC /* App */ = {
			isa = PBXGroup;
			children = (
				5949D1BB219CBBAE006D2FF0 /* Info.plist */,
				5949D1AC219CBBAC006D2FF0 /* AppDelegate.swift */,
			);
			path = App;
			sourceTree = "<group>";
		};
		598E1738219CDA5E002AC3EC /* Constants */ = {
			isa = PBXGroup;
			children = (
				5910782F21DD299F0017CA21 /* Constants.swift */,
			);
			path = Constants;
			sourceTree = "<group>";
		};
		598E1739219CDA70002AC3EC /* API */ = {
			isa = PBXGroup;
			children = (
			);
			path = API;
			sourceTree = "<group>";
		};
		598E173A219CDA77002AC3EC /* Models */ = {
			isa = PBXGroup;
			children = (
			);
			path = Models;
			sourceTree = "<group>";
		};
		598E173B219CDA81002AC3EC /* Storyboard */ = {
			isa = PBXGroup;
			children = (
				AF1B0C0E21E503300008ADF6 /* GuestInput */,
				A480A12E21E5015E00EA32E5 /* ScanQRCode */,
				A480A12521E4EB3800EA32E5 /* ErrorScreen */,
				AF1B0C0821E405650008ADF6 /* EmployeeSearch */,
				598E173F219CDB04002AC3EC /* LaunchScreen */,
				5910781421DD1F990017CA21 /* WelcomeScreen */,
				4971CD6421E4F0DE00B53CA4 /* ThankYou */,
				5910782421DD26190017CA21 /* DefaultViewController */,
				5910782521DD26250017CA21 /* SecondViewController */,
			);
			path = Storyboard;
			sourceTree = "<group>";
		};
		598E173C219CDA88002AC3EC /* Resources */ = {
			isa = PBXGroup;
			children = (
				5949D1B6219CBBAE006D2FF0 /* Assets.xcassets */,
			);
			path = Resources;
			sourceTree = "<group>";
		};
		598E173D219CDA90002AC3EC /* Extensions */ = {
			isa = PBXGroup;
			children = (
				A42BD44121ED0F2C008BBCED /* CustomButton.swift */,
				5910781A21DD21900017CA21 /* NavigationController+Transitions.swift */,
				5910783121DD29E00017CA21 /* UIColor+Extension.swift */,
			);
			path = Extensions;
			sourceTree = "<group>";
		};
		598E173E219CDA98002AC3EC /* Components */ = {
			isa = PBXGroup;
			children = (
				5910782D21DD29410017CA21 /* XibView.swift */,
			);
			path = Components;
			sourceTree = "<group>";
		};
		598E173F219CDB04002AC3EC /* LaunchScreen */ = {
			isa = PBXGroup;
			children = (
				5949D1B8219CBBAE006D2FF0 /* LaunchScreen.storyboard */,
			);
			path = LaunchScreen;
			sourceTree = "<group>";
		};
		6BFBF04996A1B3B319DFE4DC /* Frameworks */ = {
			isa = PBXGroup;
			children = (
				9645AC57AFCE99B609B68B96 /* Pods_Credera_iOS.framework */,
				776C2608FC32935341C444AC /* Pods_Credera_iOSTests.framework */,
				6428362F40383B253C816DD2 /* Pods_Credera_iOSUITests.framework */,
				0C98E09547A52D9E4F315F20 /* Pods_Credera_POC.framework */,
				707A9735E6021B38A14AACD4 /* Pods_Credera_POCTests.framework */,
				D67155F2C77581A827CC398C /* Pods_Credera_POCUITests.framework */,
			);
			name = Frameworks;
			sourceTree = "<group>";
		};
		A480A12521E4EB3800EA32E5 /* ErrorScreen */ = {
			isa = PBXGroup;
			children = (
				A480A12821E4EBB600EA32E5 /* Controller */,
				A480A12621E4EB7000EA32E5 /* ErrorScreen.storyboard */,
			);
			path = ErrorScreen;
			sourceTree = "<group>";
		};
		A480A12821E4EBB600EA32E5 /* Controller */ = {
			isa = PBXGroup;
			children = (
				A480A12B21E4EBF200EA32E5 /* ErrorScreenViewController.swift */,
			);
			path = Controller;
			sourceTree = "<group>";
		};
		A480A12E21E5015E00EA32E5 /* ScanQRCode */ = {
			isa = PBXGroup;
			children = (
				A480A12F21E5017200EA32E5 /* Contoller */,
				A480A13021E5018500EA32E5 /* ScanQRCode.storyboard */,
			);
			path = ScanQRCode;
			sourceTree = "<group>";
		};
		A480A12F21E5017200EA32E5 /* Contoller */ = {
			isa = PBXGroup;
			children = (
				A480A13221E5019500EA32E5 /* ScanQRCodeViewController.swift */,
			);
			path = Contoller;
			sourceTree = "<group>";
		};
		AF1B0C0821E405650008ADF6 /* EmployeeSearch */ = {
			isa = PBXGroup;
			children = (
				AF1B0C0921E406A20008ADF6 /* EmployeeSearch.storyboard */,
				AF1B0C0B21E40C340008ADF6 /* Controller */,
			);
			path = EmployeeSearch;
			sourceTree = "<group>";
		};
		AF1B0C0B21E40C340008ADF6 /* Controller */ = {
			isa = PBXGroup;
			children = (
				AF1B0C0C21E40C840008ADF6 /* EmployeeSearchViewController.swift */,
			);
			path = Controller;
			sourceTree = "<group>";
		};
		AF1B0C0E21E503300008ADF6 /* GuestInput */ = {
			isa = PBXGroup;
			children = (
				AF1B0C0F21E503640008ADF6 /* GuestNameInput.storyboard */,
				AF1B0C1121E5036D0008ADF6 /* Controller */,
			);
			path = GuestInput;
			sourceTree = "<group>";
		};
		AF1B0C1121E5036D0008ADF6 /* Controller */ = {
			isa = PBXGroup;
			children = (
				AF1B0C1221E5038B0008ADF6 /* GuestNameInputController.swift */,
			);
			path = Controller;
			sourceTree = "<group>";
		};
		B1358001C96A900BEA8211A1 /* Pods */ = {
			isa = PBXGroup;
			children = (
				A550CE8A5977D50EB3D4A187 /* Pods-Credera-iOS.debug.xcconfig */,
				7DE5EA2F7E2553C34C0ED366 /* Pods-Credera-iOS.release.xcconfig */,
				CE79981894AA99E25E018793 /* Pods-Credera-iOSTests.debug.xcconfig */,
				72DC0B99DC63737EEAD05695 /* Pods-Credera-iOSTests.release.xcconfig */,
				FF250F3FCF3A682573AA52AA /* Pods-Credera-iOSUITests.debug.xcconfig */,
				B099B06EF8A37A1DC08D3C01 /* Pods-Credera-iOSUITests.release.xcconfig */,
				DD703FA7CFEAB1208AB8AFE8 /* Pods-Credera-POC.debug.xcconfig */,
				113B30E6AC1F7798CBA4AAD8 /* Pods-Credera-POC.release.xcconfig */,
				E19EB5C49748403CAF262665 /* Pods-Credera-POCTests.debug.xcconfig */,
				B38FA4083BC15F623697D470 /* Pods-Credera-POCTests.release.xcconfig */,
				0ECD9547B805E1A4F7BBD886 /* Pods-Credera-POCUITests.debug.xcconfig */,
				CE3D65C0BBA22D3F471C43BA /* Pods-Credera-POCUITests.release.xcconfig */,
			);
			name = Pods;
			sourceTree = "<group>";
		};
/* End PBXGroup section */

/* Begin PBXNativeTarget section */
		5949D1A8219CBBAC006D2FF0 /* Credera-POC */ = {
			isa = PBXNativeTarget;
			buildConfigurationList = 5949D1D4219CBBAF006D2FF0 /* Build configuration list for PBXNativeTarget "Credera-POC" */;
			buildPhases = (
				A1A5965FA2FB6D51133D796E /* [CP] Check Pods Manifest.lock */,
				5949D1A5219CBBAC006D2FF0 /* Sources */,
				5949D1A6219CBBAC006D2FF0 /* Frameworks */,
				5949D1A7219CBBAC006D2FF0 /* Resources */,
				687722288D96D9D5B8CD80FD /* [CP] Embed Pods Frameworks */,
				A42BD44B21EF8A5A008BBCED /* Crashlytics */,
			);
			buildRules = (
			);
			dependencies = (
			);
			name = "Credera-POC";
			productName = "Credera-iOS";
			productReference = 5949D1A9219CBBAC006D2FF0 /* Credera-POC.app */;
			productType = "com.apple.product-type.application";
		};
		5949D1BF219CBBAE006D2FF0 /* Credera-POCTests */ = {
			isa = PBXNativeTarget;
			buildConfigurationList = 5949D1D7219CBBAF006D2FF0 /* Build configuration list for PBXNativeTarget "Credera-POCTests" */;
			buildPhases = (
				6E47CAF03C248FD9B6EFE3C6 /* [CP] Check Pods Manifest.lock */,
				5949D1BC219CBBAE006D2FF0 /* Sources */,
				5949D1BD219CBBAE006D2FF0 /* Frameworks */,
				5949D1BE219CBBAE006D2FF0 /* Resources */,
			);
			buildRules = (
			);
			dependencies = (
				5949D1C2219CBBAE006D2FF0 /* PBXTargetDependency */,
			);
			name = "Credera-POCTests";
			productName = "Credera-iOSTests";
			productReference = 5949D1C0219CBBAE006D2FF0 /* Credera-POCTests.xctest */;
			productType = "com.apple.product-type.bundle.unit-test";
		};
		5949D1CA219CBBAF006D2FF0 /* Credera-POCUITests */ = {
			isa = PBXNativeTarget;
			buildConfigurationList = 5949D1DA219CBBAF006D2FF0 /* Build configuration list for PBXNativeTarget "Credera-POCUITests" */;
			buildPhases = (
				4316E69E40C1CE14E99108F4 /* [CP] Check Pods Manifest.lock */,
				5949D1C7219CBBAF006D2FF0 /* Sources */,
				5949D1C8219CBBAF006D2FF0 /* Frameworks */,
				5949D1C9219CBBAF006D2FF0 /* Resources */,
			);
			buildRules = (
			);
			dependencies = (
				5949D1CD219CBBAF006D2FF0 /* PBXTargetDependency */,
			);
			name = "Credera-POCUITests";
			productName = "Credera-iOSUITests";
			productReference = 5949D1CB219CBBAF006D2FF0 /* Credera-POCUITests.xctest */;
			productType = "com.apple.product-type.bundle.ui-testing";
		};
/* End PBXNativeTarget section */

/* Begin PBXProject section */
		5949D1A1219CBBAB006D2FF0 /* Project object */ = {
			isa = PBXProject;
			attributes = {
				LastSwiftUpdateCheck = 1010;
				LastUpgradeCheck = 1010;
				ORGANIZATIONNAME = Credera;
				TargetAttributes = {
					5949D1A8219CBBAC006D2FF0 = {
						CreatedOnToolsVersion = 10.1;
					};
					5949D1BF219CBBAE006D2FF0 = {
						CreatedOnToolsVersion = 10.1;
						TestTargetID = 5949D1A8219CBBAC006D2FF0;
					};
					5949D1CA219CBBAF006D2FF0 = {
						CreatedOnToolsVersion = 10.1;
						TestTargetID = 5949D1A8219CBBAC006D2FF0;
					};
				};
			};
			buildConfigurationList = 5949D1A4219CBBAB006D2FF0 /* Build configuration list for PBXProject "Credera-POC" */;
			compatibilityVersion = "Xcode 9.3";
			developmentRegion = en;
			hasScannedForEncodings = 0;
			knownRegions = (
				en,
				Base,
			);
			mainGroup = 5949D1A0219CBBAB006D2FF0;
			productRefGroup = 5949D1AA219CBBAC006D2FF0 /* Products */;
			projectDirPath = "";
			projectRoot = "";
			targets = (
				5949D1A8219CBBAC006D2FF0 /* Credera-POC */,
				5949D1BF219CBBAE006D2FF0 /* Credera-POCTests */,
				5949D1CA219CBBAF006D2FF0 /* Credera-POCUITests */,
			);
		};
/* End PBXProject section */

/* Begin PBXResourcesBuildPhase section */
		5949D1A7219CBBAC006D2FF0 /* Resources */ = {
			isa = PBXResourcesBuildPhase;
			buildActionMask = 2147483647;
			files = (
				A480A12721E4EB7000EA32E5 /* ErrorScreen.storyboard in Resources */,
				AF1B0C0A21E406A20008ADF6 /* EmployeeSearch.storyboard in Resources */,
				5910782721DD263C0017CA21 /* First.storyboard in Resources */,
				AF1B0C1021E503640008ADF6 /* GuestNameInput.storyboard in Resources */,
				5910781621DD1FC60017CA21 /* WelcomeScreen.storyboard in Resources */,
				5949D1BA219CBBAE006D2FF0 /* LaunchScreen.storyboard in Resources */,
				4971CD6B21E4F20300B53CA4 /* ThankYou.storyboard in Resources */,
				5949D1B7219CBBAE006D2FF0 /* Assets.xcassets in Resources */,
				5910783721DD2B170017CA21 /* Second.storyboard in Resources */,
				A480A13121E5018500EA32E5 /* ScanQRCode.storyboard in Resources */,
			);
			runOnlyForDeploymentPostprocessing = 0;
		};
		5949D1BE219CBBAE006D2FF0 /* Resources */ = {
			isa = PBXResourcesBuildPhase;
			buildActionMask = 2147483647;
			files = (
			);
			runOnlyForDeploymentPostprocessing = 0;
		};
		5949D1C9219CBBAF006D2FF0 /* Resources */ = {
			isa = PBXResourcesBuildPhase;
			buildActionMask = 2147483647;
			files = (
			);
			runOnlyForDeploymentPostprocessing = 0;
		};
/* End PBXResourcesBuildPhase section */

/* Begin PBXShellScriptBuildPhase section */
		4316E69E40C1CE14E99108F4 /* [CP] Check Pods Manifest.lock */ = {
			isa = PBXShellScriptBuildPhase;
			buildActionMask = 2147483647;
			files = (
			);
			inputPaths = (
				"${PODS_PODFILE_DIR_PATH}/Podfile.lock",
				"${PODS_ROOT}/Manifest.lock",
			);
			name = "[CP] Check Pods Manifest.lock";
			outputPaths = (
				"$(DERIVED_FILE_DIR)/Pods-Credera-POCUITests-checkManifestLockResult.txt",
			);
			runOnlyForDeploymentPostprocessing = 0;
			shellPath = /bin/sh;
			shellScript = "diff \"${PODS_PODFILE_DIR_PATH}/Podfile.lock\" \"${PODS_ROOT}/Manifest.lock\" > /dev/null\nif [ $? != 0 ] ; then\n    # print error to STDERR\n    echo \"error: The sandbox is not in sync with the Podfile.lock. Run 'pod install' or update your CocoaPods installation.\" >&2\n    exit 1\nfi\n# This output is used by Xcode 'outputs' to avoid re-running this script phase.\necho \"SUCCESS\" > \"${SCRIPT_OUTPUT_FILE_0}\"\n";
			showEnvVarsInLog = 0;
		};
		687722288D96D9D5B8CD80FD /* [CP] Embed Pods Frameworks */ = {
			isa = PBXShellScriptBuildPhase;
			buildActionMask = 2147483647;
			files = (
			);
			inputPaths = (
				"${SRCROOT}/Pods/Target Support Files/Pods-Credera-POC/Pods-Credera-POC-frameworks.sh",
				"${BUILT_PRODUCTS_DIR}/CocoaLumberjack/CocoaLumberjack.framework",
			);
			name = "[CP] Embed Pods Frameworks";
			outputPaths = (
				"${TARGET_BUILD_DIR}/${FRAMEWORKS_FOLDER_PATH}/CocoaLumberjack.framework",
			);
			runOnlyForDeploymentPostprocessing = 0;
			shellPath = /bin/sh;
			shellScript = "\"${SRCROOT}/Pods/Target Support Files/Pods-Credera-POC/Pods-Credera-POC-frameworks.sh\"\n";
			showEnvVarsInLog = 0;
		};
		6E47CAF03C248FD9B6EFE3C6 /* [CP] Check Pods Manifest.lock */ = {
			isa = PBXShellScriptBuildPhase;
			buildActionMask = 2147483647;
			files = (
			);
			inputPaths = (
				"${PODS_PODFILE_DIR_PATH}/Podfile.lock",
				"${PODS_ROOT}/Manifest.lock",
			);
			name = "[CP] Check Pods Manifest.lock";
			outputPaths = (
				"$(DERIVED_FILE_DIR)/Pods-Credera-POCTests-checkManifestLockResult.txt",
			);
			runOnlyForDeploymentPostprocessing = 0;
			shellPath = /bin/sh;
			shellScript = "diff \"${PODS_PODFILE_DIR_PATH}/Podfile.lock\" \"${PODS_ROOT}/Manifest.lock\" > /dev/null\nif [ $? != 0 ] ; then\n    # print error to STDERR\n    echo \"error: The sandbox is not in sync with the Podfile.lock. Run 'pod install' or update your CocoaPods installation.\" >&2\n    exit 1\nfi\n# This output is used by Xcode 'outputs' to avoid re-running this script phase.\necho \"SUCCESS\" > \"${SCRIPT_OUTPUT_FILE_0}\"\n";
			showEnvVarsInLog = 0;
		};
		A1A5965FA2FB6D51133D796E /* [CP] Check Pods Manifest.lock */ = {
			isa = PBXShellScriptBuildPhase;
			buildActionMask = 2147483647;
			files = (
			);
			inputPaths = (
				"${PODS_PODFILE_DIR_PATH}/Podfile.lock",
				"${PODS_ROOT}/Manifest.lock",
			);
			name = "[CP] Check Pods Manifest.lock";
			outputPaths = (
				"$(DERIVED_FILE_DIR)/Pods-Credera-POC-checkManifestLockResult.txt",
			);
			runOnlyForDeploymentPostprocessing = 0;
			shellPath = /bin/sh;
			shellScript = "diff \"${PODS_PODFILE_DIR_PATH}/Podfile.lock\" \"${PODS_ROOT}/Manifest.lock\" > /dev/null\nif [ $? != 0 ] ; then\n    # print error to STDERR\n    echo \"error: The sandbox is not in sync with the Podfile.lock. Run 'pod install' or update your CocoaPods installation.\" >&2\n    exit 1\nfi\n# This output is used by Xcode 'outputs' to avoid re-running this script phase.\necho \"SUCCESS\" > \"${SCRIPT_OUTPUT_FILE_0}\"\n";
			showEnvVarsInLog = 0;
		};
		A42BD44B21EF8A5A008BBCED /* Crashlytics */ = {
			isa = PBXShellScriptBuildPhase;
			buildActionMask = 2147483647;
			files = (
			);
			inputFileListPaths = (
			);
			inputPaths = (
				"$(BUILT_PRODUCTS_DIR)/App/$(INFOPLIST_PATH)",
			);
			name = Crashlytics;
			outputFileListPaths = (
			);
			outputPaths = (
			);
			runOnlyForDeploymentPostprocessing = 0;
			shellPath = /bin/sh;
			shellScript = "\"${PODS_ROOT}/Fabric/run\" fba09d011da4d3ed0ee04df1dc9e47bed10cb068 e05c97cb654b204fe2736281af6dbd66ee0d0688de59697a1479187e8940f422\n";
		};
/* End PBXShellScriptBuildPhase section */

/* Begin PBXSourcesBuildPhase section */
		5949D1A5219CBBAC006D2FF0 /* Sources */ = {
			isa = PBXSourcesBuildPhase;
			buildActionMask = 2147483647;
			files = (
				A42BD44221ED0F2C008BBCED /* CustomButton.swift in Sources */,
				5910783521DD2AC40017CA21 /* FirstViewController.swift in Sources */,
				5910781E21DD22770017CA21 /* WelcomeScreenViewController.swift in Sources */,
				5910781B21DD21900017CA21 /* NavigationController+Transitions.swift in Sources */,
				5910783021DD299F0017CA21 /* Constants.swift in Sources */,
				5910782E21DD29410017CA21 /* XibView.swift in Sources */,
				5949D1AD219CBBAC006D2FF0 /* AppDelegate.swift in Sources */,
				AF1B0C1321E5038B0008ADF6 /* GuestNameInputController.swift in Sources */,
				A480A13321E5019500EA32E5 /* ScanQRCodeViewController.swift in Sources */,
				5910783A21DD2BD80017CA21 /* SecondViewController.swift in Sources */,
				A480A12C21E4EBF200EA32E5 /* ErrorScreenViewController.swift in Sources */,
				AF1B0C0D21E40C840008ADF6 /* EmployeeSearchViewController.swift in Sources */,
				5910783221DD29E00017CA21 /* UIColor+Extension.swift in Sources */,
				4971CD6921E4F12800B53CA4 /* ThankYouViewController.swift in Sources */,
			);
			runOnlyForDeploymentPostprocessing = 0;
		};
		5949D1BC219CBBAE006D2FF0 /* Sources */ = {
			isa = PBXSourcesBuildPhase;
			buildActionMask = 2147483647;
			files = (
				5949D1C5219CBBAE006D2FF0 /* Credera_POCTests.swift in Sources */,
			);
			runOnlyForDeploymentPostprocessing = 0;
		};
		5949D1C7219CBBAF006D2FF0 /* Sources */ = {
			isa = PBXSourcesBuildPhase;
			buildActionMask = 2147483647;
			files = (
				5949D1D0219CBBAF006D2FF0 /* Credera_POCUITests.swift in Sources */,
			);
			runOnlyForDeploymentPostprocessing = 0;
		};
/* End PBXSourcesBuildPhase section */

/* Begin PBXTargetDependency section */
		5949D1C2219CBBAE006D2FF0 /* PBXTargetDependency */ = {
			isa = PBXTargetDependency;
			target = 5949D1A8219CBBAC006D2FF0 /* Credera-POC */;
			targetProxy = 5949D1C1219CBBAE006D2FF0 /* PBXContainerItemProxy */;
		};
		5949D1CD219CBBAF006D2FF0 /* PBXTargetDependency */ = {
			isa = PBXTargetDependency;
			target = 5949D1A8219CBBAC006D2FF0 /* Credera-POC */;
			targetProxy = 5949D1CC219CBBAF006D2FF0 /* PBXContainerItemProxy */;
		};
/* End PBXTargetDependency section */

/* Begin PBXVariantGroup section */
		5949D1B8219CBBAE006D2FF0 /* LaunchScreen.storyboard */ = {
			isa = PBXVariantGroup;
			children = (
				5949D1B9219CBBAE006D2FF0 /* Base */,
			);
			name = LaunchScreen.storyboard;
			sourceTree = "<group>";
		};
/* End PBXVariantGroup section */

/* Begin XCBuildConfiguration section */
		5949D1D2219CBBAF006D2FF0 /* Debug */ = {
			isa = XCBuildConfiguration;
			buildSettings = {
				ALWAYS_SEARCH_USER_PATHS = NO;
				CLANG_ANALYZER_NONNULL = YES;
				CLANG_ANALYZER_NUMBER_OBJECT_CONVERSION = YES_AGGRESSIVE;
				CLANG_CXX_LANGUAGE_STANDARD = "gnu++14";
				CLANG_CXX_LIBRARY = "libc++";
				CLANG_ENABLE_MODULES = YES;
				CLANG_ENABLE_OBJC_ARC = YES;
				CLANG_ENABLE_OBJC_WEAK = YES;
				CLANG_WARN_BLOCK_CAPTURE_AUTORELEASING = YES;
				CLANG_WARN_BOOL_CONVERSION = YES;
				CLANG_WARN_COMMA = YES;
				CLANG_WARN_CONSTANT_CONVERSION = YES;
				CLANG_WARN_DEPRECATED_OBJC_IMPLEMENTATIONS = YES;
				CLANG_WARN_DIRECT_OBJC_ISA_USAGE = YES_ERROR;
				CLANG_WARN_DOCUMENTATION_COMMENTS = YES;
				CLANG_WARN_EMPTY_BODY = YES;
				CLANG_WARN_ENUM_CONVERSION = YES;
				CLANG_WARN_INFINITE_RECURSION = YES;
				CLANG_WARN_INT_CONVERSION = YES;
				CLANG_WARN_NON_LITERAL_NULL_CONVERSION = YES;
				CLANG_WARN_OBJC_IMPLICIT_RETAIN_SELF = YES;
				CLANG_WARN_OBJC_LITERAL_CONVERSION = YES;
				CLANG_WARN_OBJC_ROOT_CLASS = YES_ERROR;
				CLANG_WARN_RANGE_LOOP_ANALYSIS = YES;
				CLANG_WARN_STRICT_PROTOTYPES = YES;
				CLANG_WARN_SUSPICIOUS_MOVE = YES;
				CLANG_WARN_UNGUARDED_AVAILABILITY = YES_AGGRESSIVE;
				CLANG_WARN_UNREACHABLE_CODE = YES;
				CLANG_WARN__DUPLICATE_METHOD_MATCH = YES;
				CODE_SIGN_IDENTITY = "iPhone Developer";
				COPY_PHASE_STRIP = NO;
				DEBUG_INFORMATION_FORMAT = dwarf;
				ENABLE_STRICT_OBJC_MSGSEND = YES;
				ENABLE_TESTABILITY = YES;
				GCC_C_LANGUAGE_STANDARD = gnu11;
				GCC_DYNAMIC_NO_PIC = NO;
				GCC_NO_COMMON_BLOCKS = YES;
				GCC_OPTIMIZATION_LEVEL = 0;
				GCC_PREPROCESSOR_DEFINITIONS = (
					"DEBUG=1",
					"$(inherited)",
				);
				GCC_WARN_64_TO_32_BIT_CONVERSION = YES;
				GCC_WARN_ABOUT_RETURN_TYPE = YES_ERROR;
				GCC_WARN_UNDECLARED_SELECTOR = YES;
				GCC_WARN_UNINITIALIZED_AUTOS = YES_AGGRESSIVE;
				GCC_WARN_UNUSED_FUNCTION = YES;
				GCC_WARN_UNUSED_VARIABLE = YES;
				IPHONEOS_DEPLOYMENT_TARGET = 12.1;
				MTL_ENABLE_DEBUG_INFO = INCLUDE_SOURCE;
				MTL_FAST_MATH = YES;
				ONLY_ACTIVE_ARCH = YES;
				SDKROOT = iphoneos;
				SWIFT_ACTIVE_COMPILATION_CONDITIONS = DEBUG;
				SWIFT_OPTIMIZATION_LEVEL = "-Onone";
			};
			name = Debug;
		};
		5949D1D3219CBBAF006D2FF0 /* Release */ = {
			isa = XCBuildConfiguration;
			buildSettings = {
				ALWAYS_SEARCH_USER_PATHS = NO;
				CLANG_ANALYZER_NONNULL = YES;
				CLANG_ANALYZER_NUMBER_OBJECT_CONVERSION = YES_AGGRESSIVE;
				CLANG_CXX_LANGUAGE_STANDARD = "gnu++14";
				CLANG_CXX_LIBRARY = "libc++";
				CLANG_ENABLE_MODULES = YES;
				CLANG_ENABLE_OBJC_ARC = YES;
				CLANG_ENABLE_OBJC_WEAK = YES;
				CLANG_WARN_BLOCK_CAPTURE_AUTORELEASING = YES;
				CLANG_WARN_BOOL_CONVERSION = YES;
				CLANG_WARN_COMMA = YES;
				CLANG_WARN_CONSTANT_CONVERSION = YES;
				CLANG_WARN_DEPRECATED_OBJC_IMPLEMENTATIONS = YES;
				CLANG_WARN_DIRECT_OBJC_ISA_USAGE = YES_ERROR;
				CLANG_WARN_DOCUMENTATION_COMMENTS = YES;
				CLANG_WARN_EMPTY_BODY = YES;
				CLANG_WARN_ENUM_CONVERSION = YES;
				CLANG_WARN_INFINITE_RECURSION = YES;
				CLANG_WARN_INT_CONVERSION = YES;
				CLANG_WARN_NON_LITERAL_NULL_CONVERSION = YES;
				CLANG_WARN_OBJC_IMPLICIT_RETAIN_SELF = YES;
				CLANG_WARN_OBJC_LITERAL_CONVERSION = YES;
				CLANG_WARN_OBJC_ROOT_CLASS = YES_ERROR;
				CLANG_WARN_RANGE_LOOP_ANALYSIS = YES;
				CLANG_WARN_STRICT_PROTOTYPES = YES;
				CLANG_WARN_SUSPICIOUS_MOVE = YES;
				CLANG_WARN_UNGUARDED_AVAILABILITY = YES_AGGRESSIVE;
				CLANG_WARN_UNREACHABLE_CODE = YES;
				CLANG_WARN__DUPLICATE_METHOD_MATCH = YES;
				CODE_SIGN_IDENTITY = "iPhone Developer";
				COPY_PHASE_STRIP = NO;
				DEBUG_INFORMATION_FORMAT = "dwarf-with-dsym";
				ENABLE_NS_ASSERTIONS = NO;
				ENABLE_STRICT_OBJC_MSGSEND = YES;
				GCC_C_LANGUAGE_STANDARD = gnu11;
				GCC_NO_COMMON_BLOCKS = YES;
				GCC_WARN_64_TO_32_BIT_CONVERSION = YES;
				GCC_WARN_ABOUT_RETURN_TYPE = YES_ERROR;
				GCC_WARN_UNDECLARED_SELECTOR = YES;
				GCC_WARN_UNINITIALIZED_AUTOS = YES_AGGRESSIVE;
				GCC_WARN_UNUSED_FUNCTION = YES;
				GCC_WARN_UNUSED_VARIABLE = YES;
				IPHONEOS_DEPLOYMENT_TARGET = 12.1;
				MTL_ENABLE_DEBUG_INFO = NO;
				MTL_FAST_MATH = YES;
				SDKROOT = iphoneos;
				SWIFT_COMPILATION_MODE = wholemodule;
				SWIFT_OPTIMIZATION_LEVEL = "-O";
				VALIDATE_PRODUCT = YES;
			};
			name = Release;
		};
		5949D1D5219CBBAF006D2FF0 /* Debug */ = {
			isa = XCBuildConfiguration;
			baseConfigurationReference = DD703FA7CFEAB1208AB8AFE8 /* Pods-Credera-POC.debug.xcconfig */;
			buildSettings = {
				ASSETCATALOG_COMPILER_APPICON_NAME = AppIcon;
				CODE_SIGN_STYLE = Automatic;
				DEVELOPMENT_TEAM = 7CUS9P87CD;
				INFOPLIST_FILE = "$(SRCROOT)/Credera-POC/App/Info.plist";
				IPHONEOS_DEPLOYMENT_TARGET = 11.0;
				LD_RUNPATH_SEARCH_PATHS = (
					"$(inherited)",
					"@executable_path/Frameworks",
				);
				PRODUCT_BUNDLE_IDENTIFIER = "com.credera.mobile.Credera-POC";
				PRODUCT_NAME = "$(TARGET_NAME)";
				SWIFT_VERSION = 4.2;
				TARGETED_DEVICE_FAMILY = "1,2";
			};
			name = Debug;
		};
		5949D1D6219CBBAF006D2FF0 /* Release */ = {
			isa = XCBuildConfiguration;
			baseConfigurationReference = 113B30E6AC1F7798CBA4AAD8 /* Pods-Credera-POC.release.xcconfig */;
			buildSettings = {
				ASSETCATALOG_COMPILER_APPICON_NAME = AppIcon;
				CODE_SIGN_STYLE = Automatic;
				DEVELOPMENT_TEAM = 7CUS9P87CD;
				INFOPLIST_FILE = "$(SRCROOT)/Credera-POC/App/Info.plist";
				IPHONEOS_DEPLOYMENT_TARGET = 11.0;
				LD_RUNPATH_SEARCH_PATHS = (
					"$(inherited)",
					"@executable_path/Frameworks",
				);
				PRODUCT_BUNDLE_IDENTIFIER = "com.credera.mobile.Credera-POC";
				PRODUCT_NAME = "$(TARGET_NAME)";
				SWIFT_VERSION = 4.2;
				TARGETED_DEVICE_FAMILY = "1,2";
			};
			name = Release;
		};
		5949D1D8219CBBAF006D2FF0 /* Debug */ = {
			isa = XCBuildConfiguration;
			baseConfigurationReference = E19EB5C49748403CAF262665 /* Pods-Credera-POCTests.debug.xcconfig */;
			buildSettings = {
				ALWAYS_EMBED_SWIFT_STANDARD_LIBRARIES = YES;
				BUNDLE_LOADER = "$(TEST_HOST)";
				CODE_SIGN_STYLE = Automatic;
				DEVELOPMENT_TEAM = HPYS5PBF55;
				INFOPLIST_FILE = "Credera-iOSTests/Info.plist";
				LD_RUNPATH_SEARCH_PATHS = (
					"$(inherited)",
					"@executable_path/Frameworks",
					"@loader_path/Frameworks",
				);
				PRODUCT_BUNDLE_IDENTIFIER = "com.credera.mobile.Credera-iOSTests";
				PRODUCT_NAME = "$(TARGET_NAME)";
				SWIFT_VERSION = 4.2;
				TARGETED_DEVICE_FAMILY = "1,2";
				TEST_HOST = "$(BUILT_PRODUCTS_DIR)/Credera-POC.app/Credera-POC";
			};
			name = Debug;
		};
		5949D1D9219CBBAF006D2FF0 /* Release */ = {
			isa = XCBuildConfiguration;
			baseConfigurationReference = B38FA4083BC15F623697D470 /* Pods-Credera-POCTests.release.xcconfig */;
			buildSettings = {
				ALWAYS_EMBED_SWIFT_STANDARD_LIBRARIES = YES;
				BUNDLE_LOADER = "$(TEST_HOST)";
				CODE_SIGN_STYLE = Automatic;
				DEVELOPMENT_TEAM = HPYS5PBF55;
				INFOPLIST_FILE = "Credera-iOSTests/Info.plist";
				LD_RUNPATH_SEARCH_PATHS = (
					"$(inherited)",
					"@executable_path/Frameworks",
					"@loader_path/Frameworks",
				);
				PRODUCT_BUNDLE_IDENTIFIER = "com.credera.mobile.Credera-iOSTests";
				PRODUCT_NAME = "$(TARGET_NAME)";
				SWIFT_VERSION = 4.2;
				TARGETED_DEVICE_FAMILY = "1,2";
				TEST_HOST = "$(BUILT_PRODUCTS_DIR)/Credera-POC.app/Credera-POC";
			};
			name = Release;
		};
		5949D1DB219CBBAF006D2FF0 /* Debug */ = {
			isa = XCBuildConfiguration;
			baseConfigurationReference = 0ECD9547B805E1A4F7BBD886 /* Pods-Credera-POCUITests.debug.xcconfig */;
			buildSettings = {
				ALWAYS_EMBED_SWIFT_STANDARD_LIBRARIES = YES;
				CODE_SIGN_STYLE = Automatic;
				DEVELOPMENT_TEAM = HPYS5PBF55;
				INFOPLIST_FILE = "Credera-iOSUITests/Info.plist";
				LD_RUNPATH_SEARCH_PATHS = (
					"$(inherited)",
					"@executable_path/Frameworks",
					"@loader_path/Frameworks",
				);
				PRODUCT_BUNDLE_IDENTIFIER = "com.credera.mobile.Credera-iOSUITests";
				PRODUCT_NAME = "$(TARGET_NAME)";
				SWIFT_VERSION = 4.2;
				TARGETED_DEVICE_FAMILY = "1,2";
				TEST_TARGET_NAME = "Credera-iOS";
			};
			name = Debug;
		};
		5949D1DC219CBBAF006D2FF0 /* Release */ = {
			isa = XCBuildConfiguration;
			baseConfigurationReference = CE3D65C0BBA22D3F471C43BA /* Pods-Credera-POCUITests.release.xcconfig */;
			buildSettings = {
				ALWAYS_EMBED_SWIFT_STANDARD_LIBRARIES = YES;
				CODE_SIGN_STYLE = Automatic;
				DEVELOPMENT_TEAM = HPYS5PBF55;
				INFOPLIST_FILE = "Credera-iOSUITests/Info.plist";
				LD_RUNPATH_SEARCH_PATHS = (
					"$(inherited)",
					"@executable_path/Frameworks",
					"@loader_path/Frameworks",
				);
				PRODUCT_BUNDLE_IDENTIFIER = "com.credera.mobile.Credera-iOSUITests";
				PRODUCT_NAME = "$(TARGET_NAME)";
				SWIFT_VERSION = 4.2;
				TARGETED_DEVICE_FAMILY = "1,2";
				TEST_TARGET_NAME = "Credera-iOS";
			};
			name = Release;
		};
/* End XCBuildConfiguration section */

/* Begin XCConfigurationList section */
		5949D1A4219CBBAB006D2FF0 /* Build configuration list for PBXProject "Credera-POC" */ = {
			isa = XCConfigurationList;
			buildConfigurations = (
				5949D1D2219CBBAF006D2FF0 /* Debug */,
				5949D1D3219CBBAF006D2FF0 /* Release */,
			);
			defaultConfigurationIsVisible = 0;
			defaultConfigurationName = Release;
		};
		5949D1D4219CBBAF006D2FF0 /* Build configuration list for PBXNativeTarget "Credera-POC" */ = {
			isa = XCConfigurationList;
			buildConfigurations = (
				5949D1D5219CBBAF006D2FF0 /* Debug */,
				5949D1D6219CBBAF006D2FF0 /* Release */,
			);
			defaultConfigurationIsVisible = 0;
			defaultConfigurationName = Release;
		};
		5949D1D7219CBBAF006D2FF0 /* Build configuration list for PBXNativeTarget "Credera-POCTests" */ = {
			isa = XCConfigurationList;
			buildConfigurations = (
				5949D1D8219CBBAF006D2FF0 /* Debug */,
				5949D1D9219CBBAF006D2FF0 /* Release */,
			);
			defaultConfigurationIsVisible = 0;
			defaultConfigurationName = Release;
		};
		5949D1DA219CBBAF006D2FF0 /* Build configuration list for PBXNativeTarget "Credera-POCUITests" */ = {
			isa = XCConfigurationList;
			buildConfigurations = (
				5949D1DB219CBBAF006D2FF0 /* Debug */,
				5949D1DC219CBBAF006D2FF0 /* Release */,
			);
			defaultConfigurationIsVisible = 0;
			defaultConfigurationName = Release;
		};
/* End XCConfigurationList section */
	};
	rootObject = 5949D1A1219CBBAB006D2FF0 /* Project object */;
}
